<?xml version="1.0" encoding="utf-8"?>
<Project ToolsVersion="4.0" xmlns="http://schemas.microsoft.com/developer/msbuild/2003">
  <ItemGroup>
    <Filter Include="源文件">
      <UniqueIdentifier>{4FC737F1-C7A5-4376-A066-2A32D752A2FF}</UniqueIdentifier>
      <Extensions>cpp;c;cc;cxx;def;odl;idl;hpj;bat;asm;asmx</Extensions>
    </Filter>
    <Filter Include="头文件">
      <UniqueIdentifier>{93995380-89BD-4b04-88EB-625FBE52EBFB}</UniqueIdentifier>
      <Extensions>h;hpp;hxx;hm;inl;inc;xsd</Extensions>
    </Filter>
    <Filter Include="源文件\projects">
      <UniqueIdentifier>{ff5f82b3-4a6c-48ec-a507-8c9215fa4329}</UniqueIdentifier>
    </Filter>
    <Filter Include="源文件\study">
      <UniqueIdentifier>{c687ed36-7349-4296-a9ff-d3d2ca3cad7d}</UniqueIdentifier>
    </Filter>
    <Filter Include="源文件\study\hash">
      <UniqueIdentifier>{1457f5b5-88e5-4059-a321-4185352538a4}</UniqueIdentifier>
    </Filter>
  </ItemGroup>
  <ItemGroup>
    <ClCompile Include="main.cpp">
      <Filter>源文件\study</Filter>
    </ClCompile>
    <ClCompile Include="src\study\hash\hash_table.cpp">
      <Filter>源文件\study\hash</Filter>
    </ClCompile>
  </ItemGroup>
  <ItemGroup>
    <ClInclude Include="algorithm.h">
      <Filter>头文件</Filter>
    </ClInclude>
  </ItemGroup>
</Project>